github.com/google/go-cmp v0.5.5 h1:Khx7svrCpmxxtHBq5j2mp/xVjsi8hQMfNLvJFAlrGgU=
github.com/google/go-cmp v0.5.5/go.mod h1:v8dTdLbMG2kIc/vJvl+f65V22dbkXbowE6jgT/gNBxE=
github.com/katydid/parser-go v0.9.0 h1:FRX78bCvwY6xeZzIcWDJN2+BzJPI4/bDtoHOLjSQ9O8=
github.com/katydid/parser-go v0.9.0/go.mod h1:e6PzxUlxRtkeyCMHQW7l+xG6/r/3edg14k2KK4l2WL4=
github.com/katydid/parser-go-json v0.6.0 h1:ZvgFPJ9aI7qzuw/AVj9L5qh8JEfFOEOPEK3bQY90cY4=
github.com/katydid/parser-go-json v0.6.0/go.mod h1:DVixKLgfCrEg7uJmsPUEUquMKiYK9HxL60oClxTRwOY=
github.com/katydid/parser-go-proto v0.3.0 h1:VmdieZvJkaz6rBMalfC/XMsDZijHz+/+8XFS+oEK/bM=
github.com/katydid/parser-go-proto v0.3.0/go.mod h1:fGFPl8WQV6qQ08jvY7IIrgPAiUgiJAOCJ64oXlMeLXE=
github.com/katydid/parser-go-reflect v0.3.7 h1:cdMjTkVsFLqR1YV2a1jJkymTeVmvSYaZQBuXzVspN3I=
github.com/katydid/parser-go-reflect v0.3.7/go.mod h1:8QusauHOrIyYyIXA7WRFtBAdHUNjDTex2FjrnxKRK08=
github.com/katydid/validator-go v0.7.2 h1:k65B6jR7A8JYQDWRKu4vCYPr//Wv5dp/jfZf9g7BI1Q=
github.com/katydid/validator-go v0.7.2/go.mod h1:jRvBXgLa7xPZNfys18Zt25QKshjkR4/S0ZA+ynGZlj0=
golang.org/x/xerrors v0.0.0-20191204190536-9bdfabe68543 h1:E7g+9GITq07hpfrRu66IVDexMakfv52eLZ2CXBWiKr4=
golang.org/x/xerrors v0.0.0-20191204190536-9bdfabe68543/go.mod h1:I/5z698sn9Ka8TeJc9MKroUUfqBBauWjQqLJ2OPfmY0=
google.golang.org/protobuf v1.36.3 h1:82DV7MYdb8anAVi3qge1wSnMDrnKK7ebr+I0hHRN1BU=
google.golang.org/protobuf v1.36.3/go.mod h1:9fA7Ob0pmnwhb644+1+CVWFRbNajQ6iRojtC/QF5bRE=
